{
  "name": "palettron",
  "version": "0.2.0",
  "lockfileVersion": 2,
  "requires": true,
  "packages": {
    "": {
      "name": "palettron",
      "version": "0.2.0",
      "license": "ISC",
      "dependencies": {
        "colord": "^2.9.2",
        "seedable": "^1.0.5"
      }
    },
    "node_modules/colord": {
      "version": "2.9.2",
      "resolved": "https://registry.npmjs.org/colord/-/colord-2.9.2.tgz",
      "integrity": "sha512-Uqbg+J445nc1TKn4FoDPS6ZZqAvEDnwrH42yo8B40JSOgSLxMZ/gt3h4nmCtPLQeXhjJJkqBx7SCY35WnIixaQ=="
    },
    "node_modules/seedable": {
      "version": "1.0.5",
      "resolved": "https://registry.npmjs.org/seedable/-/seedable-1.0.5.tgz",
      "integrity": "sha512-Yv0p6xNFgTZ6Y6fs49lHRQieuUlPR2Q5BRcKPgNlGVWM2UwYehZuCc6v+2gwCOnFU2wQmvvTLpPsYigikK7YYg=="
    }
  },
  "dependencies": {
    "colord": {
      "version": "2.9.2",
      "resolved": "https://registry.npmjs.org/colord/-/colord-2.9.2.tgz",
      "integrity": "sha512-Uqbg+J445nc1TKn4FoDPS6ZZqAvEDnwrH42yo8B40JSOgSLxMZ/gt3h4nmCtPLQeXhjJJkqBx7SCY35WnIixaQ=="
    },
    "seedable": {
      "version": "1.0.5",
      "resolved": "https://registry.npmjs.org/seedable/-/seedable-1.0.5.tgz",
      "integrity": "sha512-Yv0p6xNFgTZ6Y6fs49lHRQieuUlPR2Q5BRcKPgNlGVWM2UwYehZuCc6v+2gwCOnFU2wQmvvTLpPsYigikK7YYg=="
    }
  }
}
